// !$*UTF8*$!
{
	archiveVersion = 1;
	classes = {
	};
	objectVersion = 77;
	objects = {

/* Begin PBXBuildFile section */
		8ECEDBE72ED533EB00A79F73 /* AppCoordinator.swift in Sources */ = {isa = PBXBuildFile; fileRef = 8ECEDBCE2ED533EB00A79F73 /* AppCoordinator.swift */; };
		8ECEDBE82ED533EB00A79F73 /* BusyOverlay.swift in Sources */ = {isa = PBXBuildFile; fileRef = 8ECEDBD02ED533EB00A79F73 /* BusyOverlay.swift */; };
		8ECEDBE92ED533EB00A79F73 /* AppDependencies.swift in Sources */ = {isa = PBXBuildFile; fileRef = 8ECEDBD22ED533EB00A79F73 /* AppDependencies.swift */; };
		8ECEDBEA2ED533EB00A79F73 /* Store.swift in Sources */ = {isa = PBXBuildFile; fileRef = 8ECEDBD32ED533EB00A79F73 /* Store.swift */; };
		8ECEDBEB2ED533EB00A79F73 /* StoreScopes.swift in Sources */ = {isa = PBXBuildFile; fileRef = 8ECEDBD42ED533EB00A79F73 /* StoreScopes.swift */; };
		8ECEDBEC2ED533EB00A79F73 /* AppDomain.swift in Sources */ = {isa = PBXBuildFile; fileRef = 8ECEDBD62ED533EB00A79F73 /* AppDomain.swift */; };
		8ECEDBED2ED533EB00A79F73 /* HomeDomain.swift in Sources */ = {isa = PBXBuildFile; fileRef = 8ECEDBD82ED533EB00A79F73 /* HomeDomain.swift */; };
		8ECEDBEE2ED533EB00A79F73 /* HomeViews.swift in Sources */ = {isa = PBXBuildFile; fileRef = 8ECEDBD92ED533EB00A79F73 /* HomeViews.swift */; };
		8ECEDBEF2ED533EB00A79F73 /* LoginDomain.swift in Sources */ = {isa = PBXBuildFile; fileRef = 8ECEDBDB2ED533EB00A79F73 /* LoginDomain.swift */; };
		8ECEDBF02ED533EB00A79F73 /* LoginViews.swift in Sources */ = {isa = PBXBuildFile; fileRef = 8ECEDBDC2ED533EB00A79F73 /* LoginViews.swift */; };
		8ECEDBF12ED533EB00A79F73 /* OnboardingDomain.swift in Sources */ = {isa = PBXBuildFile; fileRef = 8ECEDBDE2ED533EB00A79F73 /* OnboardingDomain.swift */; };
		8ECEDBF22ED533EB00A79F73 /* OnboardingViews.swift in Sources */ = {isa = PBXBuildFile; fileRef = 8ECEDBDF2ED533EB00A79F73 /* OnboardingViews.swift */; };
		8ECEDBF32ED533EB00A79F73 /* AppEnvironment.swift in Sources */ = {isa = PBXBuildFile; fileRef = 8ECEDBE22ED533EB00A79F73 /* AppEnvironment.swift */; };
		8ECEDBF42ED533EB00A79F73 /* MowApp.swift in Sources */ = {isa = PBXBuildFile; fileRef = 8ECEDBE52ED533EB00A79F73 /* MowApp.swift */; };
		8ECEDBF52ED533EB00A79F73 /* Assets.xcassets in Resources */ = {isa = PBXBuildFile; fileRef = 8ECEDBE32ED533EB00A79F73 /* Assets.xcassets */; };
		8ED2B03A2ED225A00054F396 /* README.md in Resources */ = {isa = PBXBuildFile; fileRef = 8ED2B0392ED225A00054F396 /* README.md */; };
/* End PBXBuildFile section */

/* Begin PBXFileReference section */
		8E31748A2ED2033000D35843 /* mow-ios.app */ = {isa = PBXFileReference; explicitFileType = wrapper.application; includeInIndex = 0; path = "mow-ios.app"; sourceTree = BUILT_PRODUCTS_DIR; };
		8EAA00012F07438D00D61F5E /* App.base.xcconfig */ = {isa = PBXFileReference; lastKnownFileType = text.xcconfig; path = App.base.xcconfig; sourceTree = "<group>"; };
		8EAA00022F07438D00D61F5E /* LocalDev.xcconfig */ = {isa = PBXFileReference; lastKnownFileType = text.xcconfig; path = LocalDev.xcconfig; sourceTree = "<group>"; };
		8EAA00032F07438D00D61F5E /* Stage.xcconfig */ = {isa = PBXFileReference; lastKnownFileType = text.xcconfig; path = Stage.xcconfig; sourceTree = "<group>"; };
		8EAA00042F07438D00D61F5E /* Prod.xcconfig */ = {isa = PBXFileReference; lastKnownFileType = text.xcconfig; path = Prod.xcconfig; sourceTree = "<group>"; };
		8ECEDBCE2ED533EB00A79F73 /* AppCoordinator.swift */ = {isa = PBXFileReference; lastKnownFileType = sourcecode.swift; path = AppCoordinator.swift; sourceTree = "<group>"; };
		8ECEDBD02ED533EB00A79F73 /* BusyOverlay.swift */ = {isa = PBXFileReference; lastKnownFileType = sourcecode.swift; path = BusyOverlay.swift; sourceTree = "<group>"; };
		8ECEDBD22ED533EB00A79F73 /* AppDependencies.swift */ = {isa = PBXFileReference; lastKnownFileType = sourcecode.swift; path = AppDependencies.swift; sourceTree = "<group>"; };
		8ECEDBD32ED533EB00A79F73 /* Store.swift */ = {isa = PBXFileReference; lastKnownFileType = sourcecode.swift; path = Store.swift; sourceTree = "<group>"; };
		8ECEDBD42ED533EB00A79F73 /* StoreScopes.swift */ = {isa = PBXFileReference; lastKnownFileType = sourcecode.swift; path = StoreScopes.swift; sourceTree = "<group>"; };
		8ECEDBD62ED533EB00A79F73 /* AppDomain.swift */ = {isa = PBXFileReference; lastKnownFileType = sourcecode.swift; path = AppDomain.swift; sourceTree = "<group>"; };
		8ECEDBD82ED533EB00A79F73 /* HomeDomain.swift */ = {isa = PBXFileReference; lastKnownFileType = sourcecode.swift; path = HomeDomain.swift; sourceTree = "<group>"; };
		8ECEDBD92ED533EB00A79F73 /* HomeViews.swift */ = {isa = PBXFileReference; lastKnownFileType = sourcecode.swift; path = HomeViews.swift; sourceTree = "<group>"; };
		8ECEDBDB2ED533EB00A79F73 /* LoginDomain.swift */ = {isa = PBXFileReference; lastKnownFileType = sourcecode.swift; path = LoginDomain.swift; sourceTree = "<group>"; };
		8ECEDBDC2ED533EB00A79F73 /* LoginViews.swift */ = {isa = PBXFileReference; lastKnownFileType = sourcecode.swift; path = LoginViews.swift; sourceTree = "<group>"; };
		8ECEDBDE2ED533EB00A79F73 /* OnboardingDomain.swift */ = {isa = PBXFileReference; lastKnownFileType = sourcecode.swift; path = OnboardingDomain.swift; sourceTree = "<group>"; };
		8ECEDBDF2ED533EB00A79F73 /* OnboardingViews.swift */ = {isa = PBXFileReference; lastKnownFileType = sourcecode.swift; path = OnboardingViews.swift; sourceTree = "<group>"; };
		8ECEDBE22ED533EB00A79F73 /* AppEnvironment.swift */ = {isa = PBXFileReference; lastKnownFileType = sourcecode.swift; path = AppEnvironment.swift; sourceTree = "<group>"; };
		8ECEDBE32ED533EB00A79F73 /* Assets.xcassets */ = {isa = PBXFileReference; lastKnownFileType = folder.assetcatalog; path = Assets.xcassets; sourceTree = "<group>"; };
		8ECEDBE42ED533EB00A79F73 /* Info.plist */ = {isa = PBXFileReference; lastKnownFileType = text.plist.xml; path = Info.plist; sourceTree = "<group>"; };
		8ECEDBE52ED533EB00A79F73 /* MowApp.swift */ = {isa = PBXFileReference; lastKnownFileType = sourcecode.swift; path = MowApp.swift; sourceTree = "<group>"; };
		8ED2B0392ED225A00054F396 /* README.md */ = {isa = PBXFileReference; lastKnownFileType = net.daringfireball.markdown; path = README.md; sourceTree = "<group>"; };
		8ED2B05F2ED268210054F396 /* README.md */ = {isa = PBXFileReference; lastKnownFileType = net.daringfireball.markdown; path = README.md; sourceTree = "<group>"; };
		8ED2B0722ED377A20054F396 /* LocalDev.secrets.example.xcconfig */ = {isa = PBXFileReference; lastKnownFileType = text.xcconfig; path = LocalDev.secrets.example.xcconfig; sourceTree = "<group>"; };
		8ED2B0732ED377A20054F396 /* Prod.secrets.example.xcconfig */ = {isa = PBXFileReference; lastKnownFileType = text.xcconfig; path = Prod.secrets.example.xcconfig; sourceTree = "<group>"; };
		8ED2B0742ED377A20054F396 /* Stage.secrets.example.xcconfig */ = {isa = PBXFileReference; lastKnownFileType = text.xcconfig; path = Stage.secrets.example.xcconfig; sourceTree = "<group>"; };
/* End PBXFileReference section */

/* Begin PBXFrameworksBuildPhase section */
		8E3174872ED2033000D35843 /* Frameworks */ = {
			isa = PBXFrameworksBuildPhase;
			buildActionMask = 2147483647;
			files = (
			);
			runOnlyForDeploymentPostprocessing = 0;
		};
/* End PBXFrameworksBuildPhase section */

/* Begin PBXGroup section */
		8E3174812ED2033000D35843 = {
			isa = PBXGroup;
			children = (
				8ED2B0392ED225A00054F396 /* README.md */,
				8EAA00052F07438D00D61F5E /* Config */,
				8ECEDBE62ED533EB00A79F73 /* mow-ios */,
				8E31748B2ED2033000D35843 /* Products */,
			);
			sourceTree = "<group>";
		};
		8E31748B2ED2033000D35843 /* Products */ = {
			isa = PBXGroup;
			children = (
				8E31748A2ED2033000D35843 /* mow-ios.app */,
			);
			name = Products;
			sourceTree = "<group>";
		};
		8EAA00052F07438D00D61F5E /* Config */ = {
			isa = PBXGroup;
			children = (
				8ED2B05F2ED268210054F396 /* README.md */,
				8EAA00012F07438D00D61F5E /* App.base.xcconfig */,
				8EAA00062F07438D00D61F5E /* Environments */,
				8ED2B0752ED377A20054F396 /* Secrets */,
			);
			path = Config;
			sourceTree = "<group>";
		};
		8EAA00062F07438D00D61F5E /* Environments */ = {
			isa = PBXGroup;
			children = (
				8EAA00022F07438D00D61F5E /* LocalDev.xcconfig */,
				8EAA00032F07438D00D61F5E /* Stage.xcconfig */,
				8EAA00042F07438D00D61F5E /* Prod.xcconfig */,
			);
			path = Environments;
			sourceTree = "<group>";
		};
		8ECEDBD12ED533EB00A79F73 /* Views */ = {
			isa = PBXGroup;
			children = (
				8ECEDBD02ED533EB00A79F73 /* BusyOverlay.swift */,
			);
			path = Views;
			sourceTree = "<group>";
		};
		8ECEDBD52ED533EB00A79F73 /* Core */ = {
			isa = PBXGroup;
			children = (
				8ECEDBE22ED533EB00A79F73 /* AppEnvironment.swift */,
				8ECEDBD22ED533EB00A79F73 /* AppDependencies.swift */,
				8ECEDBD32ED533EB00A79F73 /* Store.swift */,
				8ECEDBD42ED533EB00A79F73 /* StoreScopes.swift */,
				8ECEDBD12ED533EB00A79F73 /* Views */,
			);
			path = Core;
			sourceTree = "<group>";
		};
		8ECEDBD72ED533EB00A79F73 /* App */ = {
			isa = PBXGroup;
			children = (
				8ECEDBD62ED533EB00A79F73 /* AppDomain.swift */,
				8ECEDBCE2ED533EB00A79F73 /* AppCoordinator.swift */,
			);
			path = App;
			sourceTree = "<group>";
		};
		8ECEDBDA2ED533EB00A79F73 /* Home */ = {
			isa = PBXGroup;
			children = (
				8ECEDBD82ED533EB00A79F73 /* HomeDomain.swift */,
				8ECEDBD92ED533EB00A79F73 /* HomeViews.swift */,
			);
			path = Home;
			sourceTree = "<group>";
		};
		8ECEDBDD2ED533EB00A79F73 /* Login */ = {
			isa = PBXGroup;
			children = (
				8ECEDBDB2ED533EB00A79F73 /* LoginDomain.swift */,
				8ECEDBDC2ED533EB00A79F73 /* LoginViews.swift */,
			);
			path = Login;
			sourceTree = "<group>";
		};
		8ECEDBE02ED533EB00A79F73 /* Onboarding */ = {
			isa = PBXGroup;
			children = (
				8ECEDBDE2ED533EB00A79F73 /* OnboardingDomain.swift */,
				8ECEDBDF2ED533EB00A79F73 /* OnboardingViews.swift */,
			);
			path = Onboarding;
			sourceTree = "<group>";
		};
		8ECEDBE12ED533EB00A79F73 /* Domains */ = {
			isa = PBXGroup;
			children = (
				8ECEDBD72ED533EB00A79F73 /* App */,
				8ECEDBE02ED533EB00A79F73 /* Onboarding */,
				8ECEDBDD2ED533EB00A79F73 /* Login */,
				8ECEDBDA2ED533EB00A79F73 /* Home */,
			);
			path = Domains;
			sourceTree = "<group>";
		};
		8ECEDBE62ED533EB00A79F73 /* mow-ios */ = {
			isa = PBXGroup;
			children = (
				8ECEDBE42ED533EB00A79F73 /* Info.plist */,
				8ECEDBE32ED533EB00A79F73 /* Assets.xcassets */,
				8ECEDBE52ED533EB00A79F73 /* MowApp.swift */,
				8ECEDBD52ED533EB00A79F73 /* Core */,
				8ECEDBE12ED533EB00A79F73 /* Domains */,
			);
			path = "mow-ios";
			sourceTree = "<group>";
		};
		8ED2B0752ED377A20054F396 /* Secrets */ = {
			isa = PBXGroup;
			children = (
				8ED2B0722ED377A20054F396 /* LocalDev.secrets.example.xcconfig */,
				8ED2B0732ED377A20054F396 /* Prod.secrets.example.xcconfig */,
				8ED2B0742ED377A20054F396 /* Stage.secrets.example.xcconfig */,
			);
			path = Secrets;
			sourceTree = "<group>";
		};
/* End PBXGroup section */

/* Begin PBXNativeTarget section */
		8E3174892ED2033000D35843 /* mow-ios */ = {
			isa = PBXNativeTarget;
			buildConfigurationList = 8E3174952ED2033100D35843 /* Build configuration list for PBXNativeTarget "mow-ios" */;
			buildPhases = (
				8E3174862ED2033000D35843 /* Sources */,
				8E3174872ED2033000D35843 /* Frameworks */,
				8E3174882ED2033000D35843 /* Resources */,
			);
			buildRules = (
			);
			dependencies = (
			);
			name = "mow-ios";
			packageProductDependencies = (
			);
			productName = "mow-ios";
			productReference = 8E31748A2ED2033000D35843 /* mow-ios.app */;
			productType = "com.apple.product-type.application";
		};
/* End PBXNativeTarget section */

/* Begin PBXProject section */
		8E3174822ED2033000D35843 /* Project object */ = {
			isa = PBXProject;
			attributes = {
				BuildIndependentTargetsInParallel = 1;
				LastSwiftUpdateCheck = 2610;
				LastUpgradeCheck = 2610;
				TargetAttributes = {
					8E3174892ED2033000D35843 = {
						CreatedOnToolsVersion = 26.1.1;
					};
				};
			};
			buildConfigurationList = 8E3174852ED2033000D35843 /* Build configuration list for PBXProject "mow-ios" */;
			developmentRegion = en;
			hasScannedForEncodings = 0;
			knownRegions = (
				en,
				Base,
			);
			mainGroup = 8E3174812ED2033000D35843;
			minimizedProjectReferenceProxies = 1;
			preferredProjectObjectVersion = 77;
			productRefGroup = 8E31748B2ED2033000D35843 /* Products */;
			projectDirPath = "";
			projectRoot = "";
			targets = (
				8E3174892ED2033000D35843 /* mow-ios */,
			);
		};
/* End PBXProject section */

/* Begin PBXResourcesBuildPhase section */
		8E3174882ED2033000D35843 /* Resources */ = {
			isa = PBXResourcesBuildPhase;
			buildActionMask = 2147483647;
			files = (
				8ECEDBF52ED533EB00A79F73 /* Assets.xcassets in Resources */,
				8ED2B03A2ED225A00054F396 /* README.md in Resources */,
			);
			runOnlyForDeploymentPostprocessing = 0;
		};
/* End PBXResourcesBuildPhase section */

/* Begin PBXSourcesBuildPhase section */
		8E3174862ED2033000D35843 /* Sources */ = {
			isa = PBXSourcesBuildPhase;
			buildActionMask = 2147483647;
			files = (
				8ECEDBE72ED533EB00A79F73 /* AppCoordinator.swift in Sources */,
				8ECEDBE82ED533EB00A79F73 /* BusyOverlay.swift in Sources */,
				8ECEDBE92ED533EB00A79F73 /* AppDependencies.swift in Sources */,
				8ECEDBEA2ED533EB00A79F73 /* Store.swift in Sources */,
				8ECEDBEB2ED533EB00A79F73 /* StoreScopes.swift in Sources */,
				8ECEDBEC2ED533EB00A79F73 /* AppDomain.swift in Sources */,
				8ECEDBED2ED533EB00A79F73 /* HomeDomain.swift in Sources */,
				8ECEDBEE2ED533EB00A79F73 /* HomeViews.swift in Sources */,
				8ECEDBEF2ED533EB00A79F73 /* LoginDomain.swift in Sources */,
				8ECEDBF02ED533EB00A79F73 /* LoginViews.swift in Sources */,
				8ECEDBF12ED533EB00A79F73 /* OnboardingDomain.swift in Sources */,
				8ECEDBF22ED533EB00A79F73 /* OnboardingViews.swift in Sources */,
				8ECEDBF32ED533EB00A79F73 /* AppEnvironment.swift in Sources */,
				8ECEDBF42ED533EB00A79F73 /* MowApp.swift in Sources */,
			);
			runOnlyForDeploymentPostprocessing = 0;
		};
/* End PBXSourcesBuildPhase section */

/* Begin XCBuildConfiguration section */
		8E3174932ED2033100D35843 /* LocalDev */ = {
			isa = XCBuildConfiguration;
			buildSettings = {
				ALWAYS_SEARCH_USER_PATHS = NO;
				ASSETCATALOG_COMPILER_GENERATE_SWIFT_ASSET_SYMBOL_EXTENSIONS = YES;
				CLANG_ANALYZER_NONNULL = YES;
				CLANG_ANALYZER_NUMBER_OBJECT_CONVERSION = YES_AGGRESSIVE;
				CLANG_CXX_LANGUAGE_STANDARD = "gnu++20";
				CLANG_ENABLE_MODULES = YES;
				CLANG_ENABLE_OBJC_ARC = YES;
				CLANG_ENABLE_OBJC_WEAK = YES;
				CLANG_WARN_BLOCK_CAPTURE_AUTORELEASING = YES;
				CLANG_WARN_BOOL_CONVERSION = YES;
				CLANG_WARN_COMMA = YES;
				CLANG_WARN_CONSTANT_CONVERSION = YES;
				CLANG_WARN_DEPRECATED_OBJC_IMPLEMENTATIONS = YES;
				CLANG_WARN_DIRECT_OBJC_ISA_USAGE = YES_ERROR;
				CLANG_WARN_DOCUMENTATION_COMMENTS = YES;
				CLANG_WARN_EMPTY_BODY = YES;
				CLANG_WARN_ENUM_CONVERSION = YES;
				CLANG_WARN_INFINITE_RECURSION = YES;
				CLANG_WARN_INT_CONVERSION = YES;
				CLANG_WARN_NON_LITERAL_NULL_CONVERSION = YES;
				CLANG_WARN_OBJC_IMPLICIT_RETAIN_SELF = YES;
				CLANG_WARN_OBJC_LITERAL_CONVERSION = YES;
				CLANG_WARN_OBJC_ROOT_CLASS = YES_ERROR;
				CLANG_WARN_QUOTED_INCLUDE_IN_FRAMEWORK_HEADER = YES;
				CLANG_WARN_RANGE_LOOP_ANALYSIS = YES;
				CLANG_WARN_STRICT_PROTOTYPES = YES;
				CLANG_WARN_SUSPICIOUS_MOVE = YES;
				CLANG_WARN_UNGUARDED_AVAILABILITY = YES_AGGRESSIVE;
				CLANG_WARN_UNREACHABLE_CODE = YES;
				CLANG_WARN__DUPLICATE_METHOD_MATCH = YES;
				COPY_PHASE_STRIP = NO;
				DEBUG_INFORMATION_FORMAT = dwarf;
				ENABLE_STRICT_OBJC_MSGSEND = YES;
				ENABLE_TESTABILITY = YES;
				ENABLE_USER_SCRIPT_SANDBOXING = YES;
				GCC_C_LANGUAGE_STANDARD = gnu17;
				GCC_DYNAMIC_NO_PIC = NO;
				GCC_NO_COMMON_BLOCKS = YES;
				GCC_OPTIMIZATION_LEVEL = 0;
				GCC_PREPROCESSOR_DEFINITIONS = (
					"DEBUG=1",
					"$(inherited)",
				);
				GCC_WARN_64_TO_32_BIT_CONVERSION = YES;
				GCC_WARN_ABOUT_RETURN_TYPE = YES_ERROR;
				GCC_WARN_UNDECLARED_SELECTOR = YES;
				GCC_WARN_UNINITIALIZED_AUTOS = YES_AGGRESSIVE;
				GCC_WARN_UNUSED_FUNCTION = YES;
				GCC_WARN_UNUSED_VARIABLE = YES;
				IPHONEOS_DEPLOYMENT_TARGET = 26.1;
				LOCALIZATION_PREFERS_STRING_CATALOGS = YES;
				MTL_ENABLE_DEBUG_INFO = INCLUDE_SOURCE;
				MTL_FAST_MATH = YES;
				ONLY_ACTIVE_ARCH = YES;
				SDKROOT = iphoneos;
				SWIFT_ACTIVE_COMPILATION_CONDITIONS = "DEBUG $(inherited)";
				SWIFT_OPTIMIZATION_LEVEL = "-Onone";
			};
			name = LocalDev;
		};
		8E3174942ED2033100D35843 /* Prod */ = {
			isa = XCBuildConfiguration;
			buildSettings = {
				ALWAYS_SEARCH_USER_PATHS = NO;
				ASSETCATALOG_COMPILER_GENERATE_SWIFT_ASSET_SYMBOL_EXTENSIONS = YES;
				CLANG_ANALYZER_NONNULL = YES;
				CLANG_ANALYZER_NUMBER_OBJECT_CONVERSION = YES_AGGRESSIVE;
				CLANG_CXX_LANGUAGE_STANDARD = "gnu++20";
				CLANG_ENABLE_MODULES = YES;
				CLANG_ENABLE_OBJC_ARC = YES;
				CLANG_ENABLE_OBJC_WEAK = YES;
				CLANG_WARN_BLOCK_CAPTURE_AUTORELEASING = YES;
				CLANG_WARN_BOOL_CONVERSION = YES;
				CLANG_WARN_COMMA = YES;
				CLANG_WARN_CONSTANT_CONVERSION = YES;
				CLANG_WARN_DEPRECATED_OBJC_IMPLEMENTATIONS = YES;
				CLANG_WARN_DIRECT_OBJC_ISA_USAGE = YES_ERROR;
				CLANG_WARN_DOCUMENTATION_COMMENTS = YES;
				CLANG_WARN_EMPTY_BODY = YES;
				CLANG_WARN_ENUM_CONVERSION = YES;
				CLANG_WARN_INFINITE_RECURSION = YES;
				CLANG_WARN_INT_CONVERSION = YES;
				CLANG_WARN_NON_LITERAL_NULL_CONVERSION = YES;
				CLANG_WARN_OBJC_IMPLICIT_RETAIN_SELF = YES;
				CLANG_WARN_OBJC_LITERAL_CONVERSION = YES;
				CLANG_WARN_OBJC_ROOT_CLASS = YES_ERROR;
				CLANG_WARN_QUOTED_INCLUDE_IN_FRAMEWORK_HEADER = YES;
				CLANG_WARN_RANGE_LOOP_ANALYSIS = YES;
				CLANG_WARN_STRICT_PROTOTYPES = YES;
				CLANG_WARN_SUSPICIOUS_MOVE = YES;
				CLANG_WARN_UNGUARDED_AVAILABILITY = YES_AGGRESSIVE;
				CLANG_WARN_UNREACHABLE_CODE = YES;
				CLANG_WARN__DUPLICATE_METHOD_MATCH = YES;
				COPY_PHASE_STRIP = NO;
				DEBUG_INFORMATION_FORMAT = "dwarf-with-dsym";
				ENABLE_NS_ASSERTIONS = NO;
				ENABLE_STRICT_OBJC_MSGSEND = YES;
				ENABLE_USER_SCRIPT_SANDBOXING = YES;
				GCC_C_LANGUAGE_STANDARD = gnu17;
				GCC_NO_COMMON_BLOCKS = YES;
				GCC_WARN_64_TO_32_BIT_CONVERSION = YES;
				GCC_WARN_ABOUT_RETURN_TYPE = YES_ERROR;
				GCC_WARN_UNDECLARED_SELECTOR = YES;
				GCC_WARN_UNINITIALIZED_AUTOS = YES_AGGRESSIVE;
				GCC_WARN_UNUSED_FUNCTION = YES;
				GCC_WARN_UNUSED_VARIABLE = YES;
				IPHONEOS_DEPLOYMENT_TARGET = 26.1;
				LOCALIZATION_PREFERS_STRING_CATALOGS = YES;
				MTL_ENABLE_DEBUG_INFO = NO;
				MTL_FAST_MATH = YES;
				SDKROOT = iphoneos;
				SWIFT_COMPILATION_MODE = wholemodule;
				VALIDATE_PRODUCT = YES;
			};
			name = Prod;
		};
		8E3174962ED2033100D35843 /* LocalDev */ = {
			isa = XCBuildConfiguration;
			baseConfigurationReference = 8EAA00022F07438D00D61F5E /* LocalDev.xcconfig */;
			buildSettings = {
				ASSETCATALOG_COMPILER_APPICON_NAME = AppIcon;
				ASSETCATALOG_COMPILER_GLOBAL_ACCENT_COLOR_NAME = AccentColor;
				CODE_SIGN_STYLE = Automatic;
				CURRENT_PROJECT_VERSION = 1;
				ENABLE_PREVIEWS = YES;
				GENERATE_INFOPLIST_FILE = YES;
				INFOPLIST_FILE = "mow-ios/Info.plist";
				INFOPLIST_KEY_UIApplicationSceneManifest_Generation = YES;
				INFOPLIST_KEY_UIApplicationSupportsIndirectInputEvents = YES;
				INFOPLIST_KEY_UILaunchScreen_Generation = YES;
				INFOPLIST_KEY_UISupportedInterfaceOrientations_iPad = "UIInterfaceOrientationPortrait UIInterfaceOrientationPortraitUpsideDown UIInterfaceOrientationLandscapeLeft UIInterfaceOrientationLandscapeRight";
				INFOPLIST_KEY_UISupportedInterfaceOrientations_iPhone = "UIInterfaceOrientationPortrait UIInterfaceOrientationLandscapeLeft UIInterfaceOrientationLandscapeRight";
				LD_RUNPATH_SEARCH_PATHS = (
					"$(inherited)",
					"@executable_path/Frameworks",
				);
				MARKETING_VERSION = 1.0;
				PRODUCT_BUNDLE_IDENTIFIER = "com.mow.mow-ios";
				PRODUCT_NAME = "$(TARGET_NAME)";
				STRING_CATALOG_GENERATE_SYMBOLS = YES;
				SWIFT_APPROACHABLE_CONCURRENCY = YES;
				SWIFT_DEFAULT_ACTOR_ISOLATION = MainActor;
				SWIFT_EMIT_LOC_STRINGS = YES;
				SWIFT_UPCOMING_FEATURE_MEMBER_IMPORT_VISIBILITY = YES;
				SWIFT_VERSION = 5.0;
				TARGETED_DEVICE_FAMILY = "1,2";
			};
			name = LocalDev;
		};
		8E3174972ED2033100D35843 /* Prod */ = {
			isa = XCBuildConfiguration;
			baseConfigurationReference = 8EAA00042F07438D00D61F5E /* Prod.xcconfig */;
			buildSettings = {
				ASSETCATALOG_COMPILER_APPICON_NAME = AppIcon;
				ASSETCATALOG_COMPILER_GLOBAL_ACCENT_COLOR_NAME = AccentColor;
				CODE_SIGN_STYLE = Automatic;
				CURRENT_PROJECT_VERSION = 1;
				ENABLE_PREVIEWS = YES;
				GENERATE_INFOPLIST_FILE = YES;
				INFOPLIST_FILE = "mow-ios/Info.plist";
				INFOPLIST_KEY_UIApplicationSceneManifest_Generation = YES;
				INFOPLIST_KEY_UIApplicationSupportsIndirectInputEvents = YES;
				INFOPLIST_KEY_UILaunchScreen_Generation = YES;
				INFOPLIST_KEY_UISupportedInterfaceOrientations_iPad = "UIInterfaceOrientationPortrait UIInterfaceOrientationPortraitUpsideDown UIInterfaceOrientationLandscapeLeft UIInterfaceOrientationLandscapeRight";
				INFOPLIST_KEY_UISupportedInterfaceOrientations_iPhone = "UIInterfaceOrientationPortrait UIInterfaceOrientationLandscapeLeft UIInterfaceOrientationLandscapeRight";
				LD_RUNPATH_SEARCH_PATHS = (
					"$(inherited)",
					"@executable_path/Frameworks",
				);
				MARKETING_VERSION = 1.0;
				PRODUCT_BUNDLE_IDENTIFIER = "com.mow.mow-ios";
				PRODUCT_NAME = "$(TARGET_NAME)";
				STRING_CATALOG_GENERATE_SYMBOLS = YES;
				SWIFT_APPROACHABLE_CONCURRENCY = YES;
				SWIFT_DEFAULT_ACTOR_ISOLATION = MainActor;
				SWIFT_EMIT_LOC_STRINGS = YES;
				SWIFT_UPCOMING_FEATURE_MEMBER_IMPORT_VISIBILITY = YES;
				SWIFT_VERSION = 5.0;
				TARGETED_DEVICE_FAMILY = "1,2";
			};
			name = Prod;
		};
		8EAA00072F07438D00D61F5E /* Stage */ = {
			isa = XCBuildConfiguration;
			buildSettings = {
				ALWAYS_SEARCH_USER_PATHS = NO;
				ASSETCATALOG_COMPILER_GENERATE_SWIFT_ASSET_SYMBOL_EXTENSIONS = YES;
				CLANG_ANALYZER_NONNULL = YES;
				CLANG_ANALYZER_NUMBER_OBJECT_CONVERSION = YES_AGGRESSIVE;
				CLANG_CXX_LANGUAGE_STANDARD = "gnu++20";
				CLANG_ENABLE_MODULES = YES;
				CLANG_ENABLE_OBJC_ARC = YES;
				CLANG_ENABLE_OBJC_WEAK = YES;
				CLANG_WARN_BLOCK_CAPTURE_AUTORELEASING = YES;
				CLANG_WARN_BOOL_CONVERSION = YES;
				CLANG_WARN_COMMA = YES;
				CLANG_WARN_CONSTANT_CONVERSION = YES;
				CLANG_WARN_DEPRECATED_OBJC_IMPLEMENTATIONS = YES;
				CLANG_WARN_DIRECT_OBJC_ISA_USAGE = YES_ERROR;
				CLANG_WARN_DOCUMENTATION_COMMENTS = YES;
				CLANG_WARN_EMPTY_BODY = YES;
				CLANG_WARN_ENUM_CONVERSION = YES;
				CLANG_WARN_INFINITE_RECURSION = YES;
				CLANG_WARN_INT_CONVERSION = YES;
				CLANG_WARN_NON_LITERAL_NULL_CONVERSION = YES;
				CLANG_WARN_OBJC_IMPLICIT_RETAIN_SELF = YES;
				CLANG_WARN_OBJC_LITERAL_CONVERSION = YES;
				CLANG_WARN_OBJC_ROOT_CLASS = YES_ERROR;
				CLANG_WARN_QUOTED_INCLUDE_IN_FRAMEWORK_HEADER = YES;
				CLANG_WARN_RANGE_LOOP_ANALYSIS = YES;
				CLANG_WARN_STRICT_PROTOTYPES = YES;
				CLANG_WARN_SUSPICIOUS_MOVE = YES;
				CLANG_WARN_UNGUARDED_AVAILABILITY = YES_AGGRESSIVE;
				CLANG_WARN_UNREACHABLE_CODE = YES;
				CLANG_WARN__DUPLICATE_METHOD_MATCH = YES;
				COPY_PHASE_STRIP = NO;
				DEBUG_INFORMATION_FORMAT = "dwarf-with-dsym";
				ENABLE_NS_ASSERTIONS = NO;
				ENABLE_STRICT_OBJC_MSGSEND = YES;
				ENABLE_USER_SCRIPT_SANDBOXING = YES;
				GCC_C_LANGUAGE_STANDARD = gnu17;
				GCC_NO_COMMON_BLOCKS = YES;
				GCC_WARN_64_TO_32_BIT_CONVERSION = YES;
				GCC_WARN_ABOUT_RETURN_TYPE = YES_ERROR;
				GCC_WARN_UNDECLARED_SELECTOR = YES;
				GCC_WARN_UNINITIALIZED_AUTOS = YES_AGGRESSIVE;
				GCC_WARN_UNUSED_FUNCTION = YES;
				GCC_WARN_UNUSED_VARIABLE = YES;
				IPHONEOS_DEPLOYMENT_TARGET = 26.1;
				LOCALIZATION_PREFERS_STRING_CATALOGS = YES;
				MTL_ENABLE_DEBUG_INFO = NO;
				MTL_FAST_MATH = YES;
				SDKROOT = iphoneos;
				SWIFT_COMPILATION_MODE = wholemodule;
				VALIDATE_PRODUCT = YES;
			};
			name = Stage;
		};
		8EAA00082F07438D00D61F5E /* Stage */ = {
			isa = XCBuildConfiguration;
			baseConfigurationReference = 8EAA00032F07438D00D61F5E /* Stage.xcconfig */;
			buildSettings = {
				ASSETCATALOG_COMPILER_APPICON_NAME = AppIcon;
				ASSETCATALOG_COMPILER_GLOBAL_ACCENT_COLOR_NAME = AccentColor;
				CODE_SIGN_STYLE = Automatic;
				CURRENT_PROJECT_VERSION = 1;
				ENABLE_PREVIEWS = YES;
				GENERATE_INFOPLIST_FILE = YES;
				INFOPLIST_FILE = "mow-ios/Info.plist";
				INFOPLIST_KEY_UIApplicationSceneManifest_Generation = YES;
				INFOPLIST_KEY_UIApplicationSupportsIndirectInputEvents = YES;
				INFOPLIST_KEY_UILaunchScreen_Generation = YES;
				INFOPLIST_KEY_UISupportedInterfaceOrientations_iPad = "UIInterfaceOrientationPortrait UIInterfaceOrientationPortraitUpsideDown UIInterfaceOrientationLandscapeLeft UIInterfaceOrientationLandscapeRight";
				INFOPLIST_KEY_UISupportedInterfaceOrientations_iPhone = "UIInterfaceOrientationPortrait UIInterfaceOrientationLandscapeLeft UIInterfaceOrientationLandscapeRight";
				LD_RUNPATH_SEARCH_PATHS = (
					"$(inherited)",
					"@executable_path/Frameworks",
				);
				MARKETING_VERSION = 1.0;
				PRODUCT_BUNDLE_IDENTIFIER = "com.mow.mow-ios";
				PRODUCT_NAME = "$(TARGET_NAME)";
				STRING_CATALOG_GENERATE_SYMBOLS = YES;
				SWIFT_APPROACHABLE_CONCURRENCY = YES;
				SWIFT_DEFAULT_ACTOR_ISOLATION = MainActor;
				SWIFT_EMIT_LOC_STRINGS = YES;
				SWIFT_UPCOMING_FEATURE_MEMBER_IMPORT_VISIBILITY = YES;
				SWIFT_VERSION = 5.0;
				TARGETED_DEVICE_FAMILY = "1,2";
			};
			name = Stage;
		};
/* End XCBuildConfiguration section */

/* Begin XCConfigurationList section */
		8E3174852ED2033000D35843 /* Build configuration list for PBXProject "mow-ios" */ = {
			isa = XCConfigurationList;
			buildConfigurations = (
				8E3174932ED2033100D35843 /* LocalDev */,
				8EAA00072F07438D00D61F5E /* Stage */,
				8E3174942ED2033100D35843 /* Prod */,
			);
			defaultConfigurationIsVisible = 0;
			defaultConfigurationName = Prod;
		};
		8E3174952ED2033100D35843 /* Build configuration list for PBXNativeTarget "mow-ios" */ = {
			isa = XCConfigurationList;
			buildConfigurations = (
				8E3174962ED2033100D35843 /* LocalDev */,
				8EAA00082F07438D00D61F5E /* Stage */,
				8E3174972ED2033100D35843 /* Prod */,
			);
			defaultConfigurationIsVisible = 0;
			defaultConfigurationName = Prod;
		};
/* End XCConfigurationList section */
	};
	rootObject = 8E3174822ED2033000D35843 /* Project object */;
}
